
Microsoft Visual Studio Solution File, Format Version 12.00
# Visual Studio Version 17
VisualStudioVersion = 17.0.32014.148
MinimumVisualStudioVersion = 10.0.40219.1
Project("{9A19103F-16F7-4668-BE54-9A1E7A4F7556}") = "NET-CORE-API", "NET-CORE-API\NET-CORE-API.csproj", "{91B97A62-9B04-4B36-B51F-ABD745007F69}"
EndProject
Project("{FAE04EC0-301F-11D3-BF4B-00C04F79EFBC}") = "Common", "Common\Common.csproj", "{FFD14C3D-8318-460C-BBD9-2900365D6832}"
EndProject
Global
	GlobalSection(SolutionConfigurationPlatforms) = preSolution
		Debug|Any CPU = Debug|Any CPU
		Release|Any CPU = Release|Any CPU
	EndGlobalSection
	GlobalSection(ProjectConfigurationPlatforms) = postSolution
		{91B97A62-9B04-4B36-B51F-ABD745007F69}.Debug|Any CPU.ActiveCfg = Debug|Any CPU
		{91B97A62-9B04-4B36-B51F-ABD745007F69}.Debug|Any CPU.Build.0 = Debug|Any CPU
		{91B97A62-9B04-4B36-B51F-ABD745007F69}.Release|Any CPU.ActiveCfg = Release|Any CPU
		{91B97A62-9B04-4B36-B51F-ABD745007F69}.Release|Any CPU.Build.0 = Release|Any CPU
		{FFD14C3D-8318-460C-BBD9-2900365D6832}.Debug|Any CPU.ActiveCfg = Debug|Any CPU
		{FFD14C3D-8318-460C-BBD9-2900365D6832}.Debug|Any CPU.Build.0 = Debug|Any CPU
		{FFD14C3D-8318-460C-BBD9-2900365D6832}.Release|Any CPU.ActiveCfg = Release|Any CPU
		{FFD14C3D-8318-460C-BBD9-2900365D6832}.Release|Any CPU.Build.0 = Release|Any CPU
	EndGlobalSection
	GlobalSection(SolutionProperties) = preSolution
		HideSolutionNode = FALSE
	EndGlobalSection
	GlobalSection(ExtensibilityGlobals) = postSolution
		SolutionGuid = {820A7227-0C38-4C56-B810-C9C5E1416FD9}
	EndGlobalSection
EndGlobal
